<?xml version="1.0" encoding="utf-8"?>
<Project ToolsVersion="4.0" xmlns="http://schemas.microsoft.com/developer/msbuild/2003">
  <ItemGroup>
    <Filter Include="Source Files">
      <UniqueIdentifier>{4FC737F1-C7A5-4376-A066-2A32D752A2FF}</UniqueIdentifier>
      <Extensions>cpp;c;cc;cxx;def;odl;idl;hpj;bat;asm;asmx</Extensions>
    </Filter>
    <Filter Include="Header Files">
      <UniqueIdentifier>{93995380-89BD-4b04-88EB-625FBE52EBFB}</UniqueIdentifier>
      <Extensions>h;hh;hpp;hxx;hm;inl;inc;xsd</Extensions>
    </Filter>
    <Filter Include="Libraries">
      <UniqueIdentifier>{f88c4590-fe1f-4c7e-ac04-b7ee56ff742c}</UniqueIdentifier>
    </Filter>
    <Filter Include="Libraries\jansson">
      <UniqueIdentifier>{d18d03ff-8391-466a-9992-6701c4dbf0f3}</UniqueIdentifier>
    </Filter>
    <Filter Include="Header Files\sph">
      <UniqueIdentifier>{8ff97542-2c8c-456f-9b09-ff1e3910e80c}</UniqueIdentifier>
    </Filter>
    <Filter Include="Source Files\sph">
      <UniqueIdentifier>{7bfc5c04-e7b8-4d6c-973c-2a0ed07b2a54}</UniqueIdentifier>
    </Filter>
  </ItemGroup>
  <ItemGroup>
    <ClCompile Include="..\adl.c">
      <Filter>Source Files</Filter>
    </ClCompile>
    <ClCompile Include="..\api.c">
      <Filter>Source Files</Filter>
    </ClCompile>
    <ClCompile Include="..\driver-opencl.c">
      <Filter>Source Files</Filter>
    </ClCompile>
    <ClCompile Include="..\findnonce.c">
      <Filter>Source Files</Filter>
    </ClCompile>
    <ClCompile Include="..\hexdump.c">
      <Filter>Source Files</Filter>
    </ClCompile>
    <ClCompile Include="..\logging.c">
      <Filter>Source Files</Filter>
    </ClCompile>
    <ClCompile Include="..\ocl.c">
      <Filter>Source Files</Filter>
    </ClCompile>
    <ClCompile Include="..\scrypt.c">
      <Filter>Source Files</Filter>
    </ClCompile>
    <ClCompile Include="..\sgminer.c">
      <Filter>Source Files</Filter>
    </ClCompile>
    <ClCompile Include="..\sha2.c">
      <Filter>Source Files</Filter>
    </ClCompile>
    <ClCompile Include="..\util.c">
      <Filter>Source Files</Filter>
    </ClCompile>
    <ClCompile Include="..\ccan\opt\opt.c">
      <Filter>Source Files</Filter>
    </ClCompile>
    <ClCompile Include="..\ccan\opt\parse.c">
      <Filter>Source Files</Filter>
    </ClCompile>
    <ClCompile Include="..\ccan\opt\usage.c">
      <Filter>Source Files</Filter>
    </ClCompile>
    <ClCompile Include="..\ccan\opt\helpers.c">
      <Filter>Source Files</Filter>
    </ClCompile>
    <ClCompile Include="..\compat\jansson-2.5\src\dump.c">
      <Filter>Libraries\jansson</Filter>
    </ClCompile>
    <ClCompile Include="..\compat\jansson-2.5\src\error.c">
      <Filter>Libraries\jansson</Filter>
    </ClCompile>
    <ClCompile Include="..\compat\jansson-2.5\src\hashtable.c">
      <Filter>Libraries\jansson</Filter>
    </ClCompile>
    <ClCompile Include="..\compat\jansson-2.5\src\load.c">
      <Filter>Libraries\jansson</Filter>
    </ClCompile>
    <ClCompile Include="..\compat\jansson-2.5\src\memory.c">
      <Filter>Libraries\jansson</Filter>
    </ClCompile>
    <ClCompile Include="..\compat\jansson-2.5\src\pack_unpack.c">
      <Filter>Libraries\jansson</Filter>
    </ClCompile>
    <ClCompile Include="..\compat\jansson-2.5\src\strbuffer.c">
      <Filter>Libraries\jansson</Filter>
    </ClCompile>
    <ClCompile Include="..\compat\jansson-2.5\src\strconv.c">
      <Filter>Libraries\jansson</Filter>
    </ClCompile>
    <ClCompile Include="..\compat\jansson-2.5\src\utf.c">
      <Filter>Libraries\jansson</Filter>
    </ClCompile>
    <ClCompile Include="..\compat\jansson-2.5\src\value.c">
      <Filter>Libraries\jansson</Filter>
    </ClCompile>
    <ClCompile Include="..\pool.c">
      <Filter>Source Files</Filter>
    </ClCompile>
    <ClCompile Include="..\algorithm.c">
      <Filter>Source Files</Filter>
    </ClCompile>
    <ClCompile Include="..\animecoin.c">
      <Filter>Source Files</Filter>
    </ClCompile>
    <ClCompile Include="..\darkcoin.c">
      <Filter>Source Files</Filter>
    </ClCompile>
    <ClCompile Include="..\fuguecoin.c">
      <Filter>Source Files</Filter>
    </ClCompile>
    <ClCompile Include="..\groestlcoin.c">
      <Filter>Source Files</Filter>
    </ClCompile>
    <ClCompile Include="..\inkcoin.c">
      <Filter>Source Files</Filter>
    </ClCompile>
    <ClCompile Include="..\marucoin.c">
      <Filter>Source Files</Filter>
    </ClCompile>
    <ClCompile Include="..\maxcoin.c">
      <Filter>Source Files</Filter>
    </ClCompile>
    <ClCompile Include="..\myriadcoin-groestl.c">
      <Filter>Source Files</Filter>
    </ClCompile>
    <ClCompile Include="..\quarkcoin.c">
      <Filter>Source Files</Filter>
    </ClCompile>
    <ClCompile Include="..\qubitcoin.c">
      <Filter>Source Files</Filter>
    </ClCompile>
    <ClCompile Include="..\sifcoin.c">
      <Filter>Source Files</Filter>
    </ClCompile>
    <ClCompile Include="..\twecoin.c">
      <Filter>Source Files</Filter>
    </ClCompile>
    <ClCompile Include="..\sph\aes_helper.c">
      <Filter>Source Files\sph</Filter>
    </ClCompile>
    <ClCompile Include="..\sph\blake.c">
      <Filter>Source Files\sph</Filter>
    </ClCompile>
    <ClCompile Include="..\sph\bmw.c">
      <Filter>Source Files\sph</Filter>
    </ClCompile>
    <ClCompile Include="..\sph\cubehash.c">
      <Filter>Source Files\sph</Filter>
    </ClCompile>
    <ClCompile Include="..\sph\echo.c">
      <Filter>Source Files\sph</Filter>
    </ClCompile>
    <ClCompile Include="..\sph\fugue.c">
      <Filter>Source Files\sph</Filter>
    </ClCompile>
    <ClCompile Include="..\sph\groestl.c">
      <Filter>Source Files\sph</Filter>
    </ClCompile>
    <ClCompile Include="..\sph\hamsi.c">
      <Filter>Source Files\sph</Filter>
    </ClCompile>
    <ClCompile Include="..\sph\hamsi_helper.c">
      <Filter>Source Files\sph</Filter>
    </ClCompile>
    <ClCompile Include="..\sph\jh.c">
      <Filter>Source Files\sph</Filter>
    </ClCompile>
    <ClCompile Include="..\sph\keccak.c">
      <Filter>Source Files\sph</Filter>
    </ClCompile>
    <ClCompile Include="..\sph\luffa.c">
      <Filter>Source Files\sph</Filter>
    </ClCompile>
    <ClCompile Include="..\sph\panama.c">
      <Filter>Source Files\sph</Filter>
    </ClCompile>
    <ClCompile Include="..\sph\sha2.c">
      <Filter>Source Files\sph</Filter>
    </ClCompile>
    <ClCompile Include="..\sph\sha2big.c">
      <Filter>Source Files\sph</Filter>
    </ClCompile>
    <ClCompile Include="..\sph\shavite.c">
      <Filter>Source Files\sph</Filter>
    </ClCompile>
    <ClCompile Include="..\sph\simd.c">
      <Filter>Source Files\sph</Filter>
    </ClCompile>
    <ClCompile Include="..\sph\skein.c">
      <Filter>Source Files\sph</Filter>
    </ClCompile>
  </ItemGroup>
  <ItemGroup>
    <ClInclude Include="..\adl.h">
      <Filter>Header Files</Filter>
    </ClInclude>
    <ClInclude Include="..\arg-nonnull.h">
      <Filter>Header Files</Filter>
    </ClInclude>
    <ClInclude Include="..\bench_block.h">
      <Filter>Header Files</Filter>
    </ClInclude>
    <ClInclude Include="..\c++defs.h">
      <Filter>Header Files</Filter>
    </ClInclude>
    <ClInclude Include="..\compat.h">
      <Filter>Header Files</Filter>
    </ClInclude>
    <ClInclude Include="..\driver-opencl.h">
      <Filter>Header Files</Filter>
    </ClInclude>
    <ClInclude Include="..\elist.h">
      <Filter>Header Files</Filter>
    </ClInclude>
    <ClInclude Include="..\findnonce.h">
      <Filter>Header Files</Filter>
    </ClInclude>
    <ClInclude Include="..\logging.h">
      <Filter>Header Files</Filter>
    </ClInclude>
    <ClInclude Include="..\miner.h">
      <Filter>Header Files</Filter>
    </ClInclude>
    <ClInclude Include="..\ocl.h">
      <Filter>Header Files</Filter>
    </ClInclude>
    <ClInclude Include="..\scrypt.h">
      <Filter>Header Files</Filter>
    </ClInclude>
    <ClInclude Include="..\sha2.h">
      <Filter>Header Files</Filter>
    </ClInclude>
    <ClInclude Include="..\uthash.h">
      <Filter>Header Files</Filter>
    </ClInclude>
    <ClInclude Include="..\util.h">
      <Filter>Header Files</Filter>
    </ClInclude>
    <ClInclude Include="..\warn-on-use.h">
      <Filter>Header Files</Filter>
    </ClInclude>
    <ClInclude Include="dist\include\config.h">
      <Filter>Header Files</Filter>
    </ClInclude>
    <ClInclude Include="..\compat\jansson-2.5\src\hashtable.h">
      <Filter>Libraries\jansson</Filter>
    </ClInclude>
    <ClInclude Include="..\compat\jansson-2.5\src\jansson.h">
      <Filter>Libraries\jansson</Filter>
    </ClInclude>
    <ClInclude Include="..\compat\jansson-2.5\src\jansson_private.h">
      <Filter>Libraries\jansson</Filter>
    </ClInclude>
    <ClInclude Include="..\compat\jansson-2.5\src\strbuffer.h">
      <Filter>Libraries\jansson</Filter>
    </ClInclude>
    <ClInclude Include="..\compat\jansson-2.5\src\utf.h">
      <Filter>Libraries\jansson</Filter>
    </ClInclude>
    <ClInclude Include="dist\include\winbuild.h">
      <Filter>Header Files</Filter>
    </ClInclude>
    <ClInclude Include="..\pool.h">
      <Filter>Header Files</Filter>
    </ClInclude>
    <ClInclude Include="..\algorithm.h">
      <Filter>Header Files</Filter>
    </ClInclude>
    <ClInclude Include="..\animecoin.h">
      <Filter>Header Files</Filter>
    </ClInclude>
    <ClInclude Include="..\darkcoin.h">
      <Filter>Header Files</Filter>
    </ClInclude>
    <ClInclude Include="..\fuguecoin.h">
      <Filter>Header Files</Filter>
    </ClInclude>
    <ClInclude Include="..\groestlcoin.h">
      <Filter>Header Files</Filter>
    </ClInclude>
    <ClInclude Include="..\inkcoin.h">
      <Filter>Header Files</Filter>
    </ClInclude>
    <ClInclude Include="..\marucoin.h">
      <Filter>Header Files</Filter>
    </ClInclude>
    <ClInclude Include="..\maxcoin.h">
      <Filter>Header Files</Filter>
    </ClInclude>
    <ClInclude Include="..\myriadcoin-groestl.h">
      <Filter>Header Files</Filter>
    </ClInclude>
    <ClInclude Include="..\quarkcoin.h">
      <Filter>Header Files</Filter>
    </ClInclude>
    <ClInclude Include="..\qubitcoin.h">
      <Filter>Header Files</Filter>
    </ClInclude>
    <ClInclude Include="..\sifcoin.h">
      <Filter>Header Files</Filter>
    </ClInclude>
    <ClInclude Include="..\twecoin.h">
      <Filter>Header Files</Filter>
    </ClInclude>
    <ClInclude Include="..\sph\sph_types.h">
      <Filter>Header Files\sph</Filter>
    </ClInclude>
    <ClInclude Include="..\sph\sph_skein.h">
      <Filter>Header Files\sph</Filter>
    </ClInclude>
    <ClInclude Include="..\sph\sph_simd.h">
      <Filter>Header Files\sph</Filter>
    </ClInclude>
    <ClInclude Include="..\sph\sph_shavite.h">
      <Filter>Header Files\sph</Filter>
    </ClInclude>
    <ClInclude Include="..\sph\sph_sha2.h">
      <Filter>Header Files\sph</Filter>
    </ClInclude>
    <ClInclude Include="..\sph\sph_panama.h">
      <Filter>Header Files\sph</Filter>
    </ClInclude>
    <ClInclude Include="..\sph\sph_luffa.h">
      <Filter>Header Files\sph</Filter>
    </ClInclude>
    <ClInclude Include="..\sph\sph_keccak.h">
      <Filter>Header Files\sph</Filter>
    </ClInclude>
    <ClInclude Include="..\sph\sph_jh.h">
      <Filter>Header Files\sph</Filter>
    </ClInclude>
    <ClInclude Include="..\sph\sph_hamsi.h">
      <Filter>Header Files\sph</Filter>
    </ClInclude>
    <ClInclude Include="..\sph\sph_groestl.h">
      <Filter>Header Files\sph</Filter>
    </ClInclude>
    <ClInclude Include="..\sph\sph_fugue.h">
      <Filter>Header Files\sph</Filter>
    </ClInclude>
    <ClInclude Include="..\sph\sph_echo.h">
      <Filter>Header Files\sph</Filter>
    </ClInclude>
    <ClInclude Include="..\sph\sph_cubehash.h">
      <Filter>Header Files\sph</Filter>
    </ClInclude>
    <ClInclude Include="..\sph\sph_bmw.h">
      <Filter>Header Files\sph</Filter>
    </ClInclude>
    <ClInclude Include="..\sph\sph_blake.h">
      <Filter>Header Files\sph</Filter>
    </ClInclude>
  </ItemGroup>
  <ItemGroup>
    <None Include="README.txt" />
  </ItemGroup>
</Project>